
Microsoft Visual Studio Solution File, Format Version 12.00
# Visual Studio Version 17
VisualStudioVersion = 17.7.34024.191
MinimumVisualStudioVersion = 10.0.40219.1
Project("{FAE04EC0-301F-11D3-BF4B-00C04F79EFBC}") = "DogBarberShopAPI", "DogBarberShopAPI.csproj", "{1CC30D1B-576F-4398-AB71-9773BFE6A174}"
EndProject
Project("{FAE04EC0-301F-11D3-BF4B-00C04F79EFBC}") = "DogBarberShopDB", "..\UserDB\DogBarberShopDB.csproj", "{CF8967BE-1486-4E93-B232-4662EAB77C90}"
EndProject
Project("{FAE04EC0-301F-11D3-BF4B-00C04F79EFBC}") = "DogBarberShopBL", "..\UserBL\DogBarberShopBL.csproj", "{0A65A19B-D7B4-4217-9792-49F01AC08EF4}"
EndProject
Project("{FAE04EC0-301F-11D3-BF4B-00C04F79EFBC}") = "DogBarberShopEntites", "..\UserEntites\DogBarberShopEntites.csproj", "{CD6915CA-187A-4ADC-B11C-CB68CD10DBEE}"
EndProject
Global
	GlobalSection(SolutionConfigurationPlatforms) = preSolution
		Debug|Any CPU = Debug|Any CPU
		Release|Any CPU = Release|Any CPU
	EndGlobalSection
	GlobalSection(ProjectConfigurationPlatforms) = postSolution
		{1CC30D1B-576F-4398-AB71-9773BFE6A174}.Debug|Any CPU.ActiveCfg = Debug|Any CPU
		{1CC30D1B-576F-4398-AB71-9773BFE6A174}.Debug|Any CPU.Build.0 = Debug|Any CPU
		{1CC30D1B-576F-4398-AB71-9773BFE6A174}.Release|Any CPU.ActiveCfg = Release|Any CPU
		{1CC30D1B-576F-4398-AB71-9773BFE6A174}.Release|Any CPU.Build.0 = Release|Any CPU
		{CF8967BE-1486-4E93-B232-4662EAB77C90}.Debug|Any CPU.ActiveCfg = Debug|Any CPU
		{CF8967BE-1486-4E93-B232-4662EAB77C90}.Debug|Any CPU.Build.0 = Debug|Any CPU
		{CF8967BE-1486-4E93-B232-4662EAB77C90}.Release|Any CPU.ActiveCfg = Release|Any CPU
		{CF8967BE-1486-4E93-B232-4662EAB77C90}.Release|Any CPU.Build.0 = Release|Any CPU
		{0A65A19B-D7B4-4217-9792-49F01AC08EF4}.Debug|Any CPU.ActiveCfg = Debug|Any CPU
		{0A65A19B-D7B4-4217-9792-49F01AC08EF4}.Debug|Any CPU.Build.0 = Debug|Any CPU
		{0A65A19B-D7B4-4217-9792-49F01AC08EF4}.Release|Any CPU.ActiveCfg = Release|Any CPU
		{0A65A19B-D7B4-4217-9792-49F01AC08EF4}.Release|Any CPU.Build.0 = Release|Any CPU
		{CD6915CA-187A-4ADC-B11C-CB68CD10DBEE}.Debug|Any CPU.ActiveCfg = Debug|Any CPU
		{CD6915CA-187A-4ADC-B11C-CB68CD10DBEE}.Debug|Any CPU.Build.0 = Debug|Any CPU
		{CD6915CA-187A-4ADC-B11C-CB68CD10DBEE}.Release|Any CPU.ActiveCfg = Release|Any CPU
		{CD6915CA-187A-4ADC-B11C-CB68CD10DBEE}.Release|Any CPU.Build.0 = Release|Any CPU
	EndGlobalSection
	GlobalSection(SolutionProperties) = preSolution
		HideSolutionNode = FALSE
	EndGlobalSection
	GlobalSection(ExtensibilityGlobals) = postSolution
		SolutionGuid = {93F16269-7473-4965-B731-B325E2F5F920}
	EndGlobalSection
EndGlobal
